
Microsoft Visual Studio Solution File, Format Version 12.00
# Visual Studio Version 17
VisualStudioVersion = 17.9.34622.214
MinimumVisualStudioVersion = 10.0.40219.1
Project("{FAE04EC0-301F-11D3-BF4B-00C04F79EFBC}") = "Bai_1", "Bai_1\Bai_1.csproj", "{934D8290-08B7-4161-B998-5A2F275DEEA5}"
EndProject
Global
	GlobalSection(SolutionConfigurationPlatforms) = preSolution
		Debug|Any CPU = Debug|Any CPU
		Release|Any CPU = Release|Any CPU
	EndGlobalSection
	GlobalSection(ProjectConfigurationPlatforms) = postSolution
		{934D8290-08B7-4161-B998-5A2F275DEEA5}.Debug|Any CPU.ActiveCfg = Debug|Any CPU
		{934D8290-08B7-4161-B998-5A2F275DEEA5}.Debug|Any CPU.Build.0 = Debug|Any CPU
		{934D8290-08B7-4161-B998-5A2F275DEEA5}.Release|Any CPU.ActiveCfg = Release|Any CPU
		{934D8290-08B7-4161-B998-5A2F275DEEA5}.Release|Any CPU.Build.0 = Release|Any CPU
	EndGlobalSection
	GlobalSection(SolutionProperties) = preSolution
		HideSolutionNode = FALSE
	EndGlobalSection
	GlobalSection(ExtensibilityGlobals) = postSolution
		SolutionGuid = {EA31F926-E9DC-4A4B-93CD-651F6C43F694}
	EndGlobalSection
EndGlobal
